
Microsoft Visual Studio Solution File, Format Version 12.00
# Visual Studio Version 17
VisualStudioVersion = 17.7.34024.191
MinimumVisualStudioVersion = 10.0.40219.1
Project("{FAE04EC0-301F-11D3-BF4B-00C04F79EFBC}") = "PPP_Lab11", "PPP_Lab11\PPP_Lab11.csproj", "{C1BFBE8A-AC91-454F-9474-EA0455CECDA7}"
EndProject
Global
	GlobalSection(SolutionConfigurationPlatforms) = preSolution
		Debug|Any CPU = Debug|Any CPU
		Release|Any CPU = Release|Any CPU
	EndGlobalSection
	GlobalSection(ProjectConfigurationPlatforms) = postSolution
		{C1BFBE8A-AC91-454F-9474-EA0455CECDA7}.Debug|Any CPU.ActiveCfg = Debug|Any CPU
		{C1BFBE8A-AC91-454F-9474-EA0455CECDA7}.Debug|Any CPU.Build.0 = Debug|Any CPU
		{C1BFBE8A-AC91-454F-9474-EA0455CECDA7}.Release|Any CPU.ActiveCfg = Release|Any CPU
		{C1BFBE8A-AC91-454F-9474-EA0455CECDA7}.Release|Any CPU.Build.0 = Release|Any CPU
	EndGlobalSection
	GlobalSection(SolutionProperties) = preSolution
		HideSolutionNode = FALSE
	EndGlobalSection
	GlobalSection(ExtensibilityGlobals) = postSolution
		SolutionGuid = {F3FA4BAD-D979-426F-B6D5-BADEA2C1C2AE}
	EndGlobalSection
EndGlobal
